<?xml version="1.0" encoding="utf-8"?>
<Project ToolsVersion="4.0" xmlns="http://schemas.microsoft.com/developer/msbuild/2003">
  <ItemGroup>
    <Filter Include="源文件">
      <UniqueIdentifier>{4FC737F1-C7A5-4376-A066-2A32D752A2FF}</UniqueIdentifier>
      <Extensions>cpp;c;cc;cxx;def;odl;idl;hpj;bat;asm;asmx</Extensions>
    </Filter>
    <Filter Include="头文件">
      <UniqueIdentifier>{93995380-89BD-4b04-88EB-625FBE52EBFB}</UniqueIdentifier>
      <Extensions>h;hpp;hxx;hm;inl;inc;xsd</Extensions>
    </Filter>
    <Filter Include="资源文件">
      <UniqueIdentifier>{67DA6AB6-F800-4c08-8B7A-83BB121AAD01}</UniqueIdentifier>
      <Extensions>rc;ico;cur;bmp;dlg;rc2;rct;bin;rgs;gif;jpg;jpeg;jpe;resx;tiff;tif;png;wav;mfcribbon-ms</Extensions>
    </Filter>
    <Filter Include="stock">
      <UniqueIdentifier>{f4ef3084-6632-42cb-9914-14b6bfa6aa1b}</UniqueIdentifier>
    </Filter>
    <Filter Include="utils">
      <UniqueIdentifier>{07f0e31a-ad3d-478f-972f-061776da3849}</UniqueIdentifier>
    </Filter>
    <Filter Include="analyse">
      <UniqueIdentifier>{39a00ab7-7c62-4676-b6e1-efe1b7add99e}</UniqueIdentifier>
    </Filter>
  </ItemGroup>
  <ItemGroup>
    <None Include="ReadMe.txt" />
  </ItemGroup>
  <ItemGroup>
    <ClInclude Include="stdafx.h">
      <Filter>头文件</Filter>
    </ClInclude>
    <ClInclude Include="targetver.h">
      <Filter>头文件</Filter>
    </ClInclude>
    <ClInclude Include="stock\Stock.h">
      <Filter>stock</Filter>
    </ClInclude>
    <ClInclude Include="stock\StockManager.h">
      <Filter>stock</Filter>
    </ClInclude>
    <ClInclude Include="stock\StockSession.h">
      <Filter>stock</Filter>
    </ClInclude>
    <ClInclude Include="stock\StockRequest.h">
      <Filter>stock</Filter>
    </ClInclude>
    <ClInclude Include="utils\FileUtils.h">
      <Filter>utils</Filter>
    </ClInclude>
    <ClInclude Include="stock\StockConfig.h">
      <Filter>stock</Filter>
    </ClInclude>
    <ClInclude Include="utils\TimeUtils.h">
      <Filter>utils</Filter>
    </ClInclude>
    <ClInclude Include="utils\StringUtils.h">
      <Filter>utils</Filter>
    </ClInclude>
    <ClInclude Include="analyse\Analyse.h">
      <Filter>analyse</Filter>
    </ClInclude>
    <ClInclude Include="analyse\DataAnalyse.h">
      <Filter>analyse</Filter>
    </ClInclude>
    <ClInclude Include="analyse\TrendAnalyse.h">
      <Filter>analyse</Filter>
    </ClInclude>
    <ClInclude Include="utils\MathUtil.h">
      <Filter>utils</Filter>
    </ClInclude>
  </ItemGroup>
  <ItemGroup>
    <ClCompile Include="dllmain.cpp">
      <Filter>源文件</Filter>
    </ClCompile>
    <ClCompile Include="stock\Stock.cpp">
      <Filter>stock</Filter>
    </ClCompile>
    <ClCompile Include="stock\StockManager.cpp">
      <Filter>stock</Filter>
    </ClCompile>
    <ClCompile Include="stock\StockSession.cpp">
      <Filter>stock</Filter>
    </ClCompile>
    <ClCompile Include="stock\StockRequest.cpp">
      <Filter>stock</Filter>
    </ClCompile>
    <ClCompile Include="utils\FileUtils.cpp">
      <Filter>utils</Filter>
    </ClCompile>
    <ClCompile Include="stock\StockConfig.cpp">
      <Filter>stock</Filter>
    </ClCompile>
    <ClCompile Include="utils\TimeUtils.cpp">
      <Filter>utils</Filter>
    </ClCompile>
    <ClCompile Include="utils\StringUtils.cpp">
      <Filter>utils</Filter>
    </ClCompile>
    <ClCompile Include="analyse\Analyse.cpp">
      <Filter>analyse</Filter>
    </ClCompile>
    <ClCompile Include="analyse\DataAnalyse.cpp">
      <Filter>analyse</Filter>
    </ClCompile>
    <ClCompile Include="analyse\TrendAnalyse.cpp">
      <Filter>analyse</Filter>
    </ClCompile>
    <ClCompile Include="utils\MathUtil.cpp">
      <Filter>utils</Filter>
    </ClCompile>
  </ItemGroup>
</Project>